
Microsoft Visual Studio Solution File, Format Version 10.00
# Visual Studio 2008
Project("{FAE04EC0-301F-11D3-BF4B-00C04F79EFBC}") = "Capr Raza - Lab 3", "Capr Raza - Lab 3.csproj", "{D933CF3D-3018-4B15-8CBE-584C74B2803E}"
EndProject
Global
	GlobalSection(SolutionConfigurationPlatforms) = preSolution
		Debug|Any CPU = Debug|Any CPU
		Release|Any CPU = Release|Any CPU
	EndGlobalSection
	GlobalSection(ProjectConfigurationPlatforms) = postSolution
		{D933CF3D-3018-4B15-8CBE-584C74B2803E}.Debug|Any CPU.ActiveCfg = Debug|Any CPU
		{D933CF3D-3018-4B15-8CBE-584C74B2803E}.Debug|Any CPU.Build.0 = Debug|Any CPU
		{D933CF3D-3018-4B15-8CBE-584C74B2803E}.Release|Any CPU.ActiveCfg = Release|Any CPU
		{D933CF3D-3018-4B15-8CBE-584C74B2803E}.Release|Any CPU.Build.0 = Release|Any CPU
	EndGlobalSection
	GlobalSection(SolutionProperties) = preSolution
		HideSolutionNode = FALSE
	EndGlobalSection
EndGlobal
