
Microsoft Visual Studio Solution File, Format Version 10.00
# Visual Studio 2008
Project("{FAE04EC0-301F-11D3-BF4B-00C04F79EFBC}") = "Capt Raza - IR simulator", "Capt Raza - IR simulator.csproj", "{433C7045-F087-40CE-85A4-4CDF324F8FBC}"
EndProject
Global
	GlobalSection(SolutionConfigurationPlatforms) = preSolution
		Debug|Any CPU = Debug|Any CPU
		Release|Any CPU = Release|Any CPU
	EndGlobalSection
	GlobalSection(ProjectConfigurationPlatforms) = postSolution
		{433C7045-F087-40CE-85A4-4CDF324F8FBC}.Debug|Any CPU.ActiveCfg = Debug|Any CPU
		{433C7045-F087-40CE-85A4-4CDF324F8FBC}.Debug|Any CPU.Build.0 = Debug|Any CPU
		{433C7045-F087-40CE-85A4-4CDF324F8FBC}.Release|Any CPU.ActiveCfg = Release|Any CPU
		{433C7045-F087-40CE-85A4-4CDF324F8FBC}.Release|Any CPU.Build.0 = Release|Any CPU
	EndGlobalSection
	GlobalSection(SolutionProperties) = preSolution
		HideSolutionNode = FALSE
	EndGlobalSection
EndGlobal
